
Microsoft Visual Studio Solution File, Format Version 12.00
# Visual Studio Version 17
VisualStudioVersion = 17.4.33213.308
MinimumVisualStudioVersion = 10.0.40219.1
Project("{9A19103F-16F7-4668-BE54-9A1E7A4F7556}") = "IntroToFunctionalProgrammingInCS", "IntroToFunctionalProgrammingInCS\IntroToFunctionalProgrammingInCS.csproj", "{80AD7A2B-C47D-49ED-980F-D935135EDB5B}"
EndProject
Project("{F2A71F9B-5D33-465A-A702-920D77279786}") = "ClassLibraryFS", "ClassLibraryFS\ClassLibraryFS.fsproj", "{6EE627F5-DCE5-4370-B3FE-4685AB31CD6E}"
EndProject
Global
	GlobalSection(SolutionConfigurationPlatforms) = preSolution
		Debug|Any CPU = Debug|Any CPU
		Release|Any CPU = Release|Any CPU
	EndGlobalSection
	GlobalSection(ProjectConfigurationPlatforms) = postSolution
		{80AD7A2B-C47D-49ED-980F-D935135EDB5B}.Debug|Any CPU.ActiveCfg = Debug|Any CPU
		{80AD7A2B-C47D-49ED-980F-D935135EDB5B}.Debug|Any CPU.Build.0 = Debug|Any CPU
		{80AD7A2B-C47D-49ED-980F-D935135EDB5B}.Release|Any CPU.ActiveCfg = Release|Any CPU
		{80AD7A2B-C47D-49ED-980F-D935135EDB5B}.Release|Any CPU.Build.0 = Release|Any CPU
		{6EE627F5-DCE5-4370-B3FE-4685AB31CD6E}.Debug|Any CPU.ActiveCfg = Debug|Any CPU
		{6EE627F5-DCE5-4370-B3FE-4685AB31CD6E}.Debug|Any CPU.Build.0 = Debug|Any CPU
		{6EE627F5-DCE5-4370-B3FE-4685AB31CD6E}.Release|Any CPU.ActiveCfg = Release|Any CPU
		{6EE627F5-DCE5-4370-B3FE-4685AB31CD6E}.Release|Any CPU.Build.0 = Release|Any CPU
	EndGlobalSection
	GlobalSection(SolutionProperties) = preSolution
		HideSolutionNode = FALSE
	EndGlobalSection
	GlobalSection(ExtensibilityGlobals) = postSolution
		SolutionGuid = {DD928ADF-B127-4AB4-8B54-A4784C5F53AE}
	EndGlobalSection
EndGlobal
